
Microsoft Visual Studio Solution File, Format Version 12.00
# Visual Studio Version 17
VisualStudioVersion = 17.5.002.0
MinimumVisualStudioVersion = 10.0.40219.1
Project("{9A19103F-16F7-4668-BE54-9A1E7A4F7556}") = "wandermate_backend", "wandermate_backend.csproj", "{A8834545-915F-447E-96AE-64298B41BE44}"
EndProject
Global
	GlobalSection(SolutionConfigurationPlatforms) = preSolution
		Debug|Any CPU = Debug|Any CPU
		Release|Any CPU = Release|Any CPU
	EndGlobalSection
	GlobalSection(ProjectConfigurationPlatforms) = postSolution
		{A8834545-915F-447E-96AE-64298B41BE44}.Debug|Any CPU.ActiveCfg = Debug|Any CPU
		{A8834545-915F-447E-96AE-64298B41BE44}.Debug|Any CPU.Build.0 = Debug|Any CPU
		{A8834545-915F-447E-96AE-64298B41BE44}.Release|Any CPU.ActiveCfg = Release|Any CPU
		{A8834545-915F-447E-96AE-64298B41BE44}.Release|Any CPU.Build.0 = Release|Any CPU
	EndGlobalSection
	GlobalSection(SolutionProperties) = preSolution
		HideSolutionNode = FALSE
	EndGlobalSection
	GlobalSection(ExtensibilityGlobals) = postSolution
		SolutionGuid = {6E8B243D-B1D1-48D8-9930-277CEEBC50FB}
	EndGlobalSection
EndGlobal
